
Microsoft Visual Studio Solution File, Format Version 12.00
# Visual Studio 15
VisualStudioVersion = 15.0.28010.2003
MinimumVisualStudioVersion = 10.0.40219.1
Project("{8BC9CEB8-8B4A-11D0-8D11-00A0C91BC942}") = "3-8 循环小数（Repeating Decimals）", "3-8 循环小数（Repeating Decimals）.vcxproj", "{ABB4AA37-8444-47E2-8F52-F36013D0239D}"
EndProject
Global
	GlobalSection(SolutionConfigurationPlatforms) = preSolution
		Debug|x64 = Debug|x64
		Debug|x86 = Debug|x86
		Release|x64 = Release|x64
		Release|x86 = Release|x86
	EndGlobalSection
	GlobalSection(ProjectConfigurationPlatforms) = postSolution
		{ABB4AA37-8444-47E2-8F52-F36013D0239D}.Debug|x64.ActiveCfg = Debug|x64
		{ABB4AA37-8444-47E2-8F52-F36013D0239D}.Debug|x64.Build.0 = Debug|x64
		{ABB4AA37-8444-47E2-8F52-F36013D0239D}.Debug|x86.ActiveCfg = Debug|Win32
		{ABB4AA37-8444-47E2-8F52-F36013D0239D}.Debug|x86.Build.0 = Debug|Win32
		{ABB4AA37-8444-47E2-8F52-F36013D0239D}.Release|x64.ActiveCfg = Release|x64
		{ABB4AA37-8444-47E2-8F52-F36013D0239D}.Release|x64.Build.0 = Release|x64
		{ABB4AA37-8444-47E2-8F52-F36013D0239D}.Release|x86.ActiveCfg = Release|Win32
		{ABB4AA37-8444-47E2-8F52-F36013D0239D}.Release|x86.Build.0 = Release|Win32
	EndGlobalSection
	GlobalSection(SolutionProperties) = preSolution
		HideSolutionNode = FALSE
	EndGlobalSection
	GlobalSection(ExtensibilityGlobals) = postSolution
		SolutionGuid = {6B57ABC4-A882-45A8-8E5A-28AD828DCE53}
	EndGlobalSection
EndGlobal
